// !$*UTF8*$!
{
	archiveVersion = 1;
	classes = {
	};
	objectVersion = 48;
	objects = {

/* Begin PBXBuildFile section */
		36FD45C12090133B00567043 /* AppDelegate.m in Sources */ = {isa = PBXBuildFile; fileRef = 36FD45C02090133B00567043 /* AppDelegate.m */; };
		36FD45C42090133B00567043 /* ViewController.m in Sources */ = {isa = PBXBuildFile; fileRef = 36FD45C32090133B00567043 /* ViewController.m */; };
		36FD45C72090133B00567043 /* Main.storyboard in Resources */ = {isa = PBXBuildFile; fileRef = 36FD45C52090133B00567043 /* Main.storyboard */; };
		36FD45C92090133B00567043 /* Assets.xcassets in Resources */ = {isa = PBXBuildFile; fileRef = 36FD45C82090133B00567043 /* Assets.xcassets */; };
		36FD45CC2090133B00567043 /* LaunchScreen.storyboard in Resources */ = {isa = PBXBuildFile; fileRef = 36FD45CA2090133B00567043 /* LaunchScreen.storyboard */; };
		36FD45CF2090133B00567043 /* main.m in Sources */ = {isa = PBXBuildFile; fileRef = 36FD45CE2090133B00567043 /* main.m */; };
		36FD45D92090133B00567043 /* photoTestTests.m in Sources */ = {isa = PBXBuildFile; fileRef = 36FD45D82090133B00567043 /* photoTestTests.m */; };
		36FD45E42090133B00567043 /* photoTestUITests.m in Sources */ = {isa = PBXBuildFile; fileRef = 36FD45E32090133B00567043 /* photoTestUITests.m */; };
		36FD46102090154400567043 /* ZZH_PHShowListController.m in Sources */ = {isa = PBXBuildFile; fileRef = 36FD45F42090153D00567043 /* ZZH_PHShowListController.m */; };
		36FD46112090154400567043 /* ZZH_PHShowScrollview.m in Sources */ = {isa = PBXBuildFile; fileRef = 36FD45F52090153D00567043 /* ZZH_PHShowScrollview.m */; };
		36FD46122090154400567043 /* ZZH_PHCellImageView.m in Sources */ = {isa = PBXBuildFile; fileRef = 36FD45F62090153D00567043 /* ZZH_PHCellImageView.m */; };
		36FD46132090154400567043 /* ZZH_PH_GetAssetObject.m in Sources */ = {isa = PBXBuildFile; fileRef = 36FD45F72090153D00567043 /* ZZH_PH_GetAssetObject.m */; };
		36FD46142090154400567043 /* ZZH_PHRootViewController.m in Sources */ = {isa = PBXBuildFile; fileRef = 36FD45F92090153D00567043 /* ZZH_PHRootViewController.m */; };
		36FD46152090154400567043 /* selete@2x.png in Resources */ = {isa = PBXBuildFile; fileRef = 36FD45FB2090153E00567043 /* selete@2x.png */; };
		36FD46162090154400567043 /* ListTableViewDataSource.m in Sources */ = {isa = PBXBuildFile; fileRef = 36FD45FC2090153E00567043 /* ListTableViewDataSource.m */; };
		36FD46172090154400567043 /* seleted@2x.png in Resources */ = {isa = PBXBuildFile; fileRef = 36FD45FE2090153E00567043 /* seleted@2x.png */; };
		36FD46182090154400567043 /* ZZH_PHShowPhotoController.m in Sources */ = {isa = PBXBuildFile; fileRef = 36FD45FF2090153E00567043 /* ZZH_PHShowPhotoController.m */; };
		36FD46192090154400567043 /* ZZH_PHPhotoViewController.m in Sources */ = {isa = PBXBuildFile; fileRef = 36FD46002090153F00567043 /* ZZH_PHPhotoViewController.m */; };
		36FD461A2090154400567043 /* ZZH_PHColletionProtocol.m in Sources */ = {isa = PBXBuildFile; fileRef = 36FD46042090153F00567043 /* ZZH_PHColletionProtocol.m */; };
		36FD461B2090154400567043 /* SVProgressHUD.bundle in Resources */ = {isa = PBXBuildFile; fileRef = 36FD46052090154000567043 /* SVProgressHUD.bundle */; };
		36FD461C2090154400567043 /* ZZH_PHListCell.m in Sources */ = {isa = PBXBuildFile; fileRef = 36FD46082090154100567043 /* ZZH_PHListCell.m */; };
		36FD461D2090154400567043 /* SVProgressHUD.m in Sources */ = {isa = PBXBuildFile; fileRef = 36FD460B2090154200567043 /* SVProgressHUD.m */; };
		36FD461E2090154400567043 /* ZZH_PHListModel.m in Sources */ = {isa = PBXBuildFile; fileRef = 36FD460C2090154200567043 /* ZZH_PHListModel.m */; };
		36FD461F2090154400567043 /* ListTableViewDelegate.m in Sources */ = {isa = PBXBuildFile; fileRef = 36FD460E2090154300567043 /* ListTableViewDelegate.m */; };
/* End PBXBuildFile section */

/* Begin PBXContainerItemProxy section */
		36FD45D52090133B00567043 /* PBXContainerItemProxy */ = {
			isa = PBXContainerItemProxy;
			containerPortal = 36FD45B42090133B00567043 /* Project object */;
			proxyType = 1;
			remoteGlobalIDString = 36FD45BB2090133B00567043;
			remoteInfo = photoTest;
		};
		36FD45E02090133B00567043 /* PBXContainerItemProxy */ = {
			isa = PBXContainerItemProxy;
			containerPortal = 36FD45B42090133B00567043 /* Project object */;
			proxyType = 1;
			remoteGlobalIDString = 36FD45BB2090133B00567043;
			remoteInfo = photoTest;
		};
/* End PBXContainerItemProxy section */

/* Begin PBXFileReference section */
		36FD45BC2090133B00567043 /* photoTest.app */ = {isa = PBXFileReference; explicitFileType = wrapper.application; includeInIndex = 0; path = photoTest.app; sourceTree = BUILT_PRODUCTS_DIR; };
		36FD45BF2090133B00567043 /* AppDelegate.h */ = {isa = PBXFileReference; lastKnownFileType = sourcecode.c.h; path = AppDelegate.h; sourceTree = "<group>"; };
		36FD45C02090133B00567043 /* AppDelegate.m */ = {isa = PBXFileReference; lastKnownFileType = sourcecode.c.objc; path = AppDelegate.m; sourceTree = "<group>"; };
		36FD45C22090133B00567043 /* ViewController.h */ = {isa = PBXFileReference; lastKnownFileType = sourcecode.c.h; path = ViewController.h; sourceTree = "<group>"; };
		36FD45C32090133B00567043 /* ViewController.m */ = {isa = PBXFileReference; lastKnownFileType = sourcecode.c.objc; path = ViewController.m; sourceTree = "<group>"; };
		36FD45C62090133B00567043 /* Base */ = {isa = PBXFileReference; lastKnownFileType = file.storyboard; name = Base; path = Base.lproj/Main.storyboard; sourceTree = "<group>"; };
		36FD45C82090133B00567043 /* Assets.xcassets */ = {isa = PBXFileReference; lastKnownFileType = folder.assetcatalog; path = Assets.xcassets; sourceTree = "<group>"; };
		36FD45CB2090133B00567043 /* Base */ = {isa = PBXFileReference; lastKnownFileType = file.storyboard; name = Base; path = Base.lproj/LaunchScreen.storyboard; sourceTree = "<group>"; };
		36FD45CD2090133B00567043 /* Info.plist */ = {isa = PBXFileReference; lastKnownFileType = text.plist.xml; path = Info.plist; sourceTree = "<group>"; };
		36FD45CE2090133B00567043 /* main.m */ = {isa = PBXFileReference; lastKnownFileType = sourcecode.c.objc; path = main.m; sourceTree = "<group>"; };
		36FD45D42090133B00567043 /* photoTestTests.xctest */ = {isa = PBXFileReference; explicitFileType = wrapper.cfbundle; includeInIndex = 0; path = photoTestTests.xctest; sourceTree = BUILT_PRODUCTS_DIR; };
		36FD45D82090133B00567043 /* photoTestTests.m */ = {isa = PBXFileReference; lastKnownFileType = sourcecode.c.objc; path = photoTestTests.m; sourceTree = "<group>"; };
		36FD45DA2090133B00567043 /* Info.plist */ = {isa = PBXFileReference; lastKnownFileType = text.plist.xml; path = Info.plist; sourceTree = "<group>"; };
		36FD45DF2090133B00567043 /* photoTestUITests.xctest */ = {isa = PBXFileReference; explicitFileType = wrapper.cfbundle; includeInIndex = 0; path = photoTestUITests.xctest; sourceTree = BUILT_PRODUCTS_DIR; };
		36FD45E32090133B00567043 /* photoTestUITests.m */ = {isa = PBXFileReference; lastKnownFileType = sourcecode.c.objc; path = photoTestUITests.m; sourceTree = "<group>"; };
		36FD45E52090133B00567043 /* Info.plist */ = {isa = PBXFileReference; lastKnownFileType = text.plist.xml; path = Info.plist; sourceTree = "<group>"; };
		36FD45F12090153D00567043 /* ListTableViewDelegate.h */ = {isa = PBXFileReference; fileEncoding = 4; lastKnownFileType = sourcecode.c.h; path = ListTableViewDelegate.h; sourceTree = "<group>"; };
		36FD45F22090153D00567043 /* ZZH_PHShowListController.h */ = {isa = PBXFileReference; fileEncoding = 4; lastKnownFileType = sourcecode.c.h; path = ZZH_PHShowListController.h; sourceTree = "<group>"; };
		36FD45F32090153D00567043 /* ZZH_PHListCell.h */ = {isa = PBXFileReference; fileEncoding = 4; lastKnownFileType = sourcecode.c.h; path = ZZH_PHListCell.h; sourceTree = "<group>"; };
		36FD45F42090153D00567043 /* ZZH_PHShowListController.m */ = {isa = PBXFileReference; fileEncoding = 4; lastKnownFileType = sourcecode.c.objc; path = ZZH_PHShowListController.m; sourceTree = "<group>"; };
		36FD45F52090153D00567043 /* ZZH_PHShowScrollview.m */ = {isa = PBXFileReference; fileEncoding = 4; lastKnownFileType = sourcecode.c.objc; path = ZZH_PHShowScrollview.m; sourceTree = "<group>"; };
		36FD45F62090153D00567043 /* ZZH_PHCellImageView.m */ = {isa = PBXFileReference; fileEncoding = 4; lastKnownFileType = sourcecode.c.objc; path = ZZH_PHCellImageView.m; sourceTree = "<group>"; };
		36FD45F72090153D00567043 /* ZZH_PH_GetAssetObject.m */ = {isa = PBXFileReference; fileEncoding = 4; lastKnownFileType = sourcecode.c.objc; path = ZZH_PH_GetAssetObject.m; sourceTree = "<group>"; };
		36FD45F82090153D00567043 /* ZZH_PH_Header.h */ = {isa = PBXFileReference; fileEncoding = 4; lastKnownFileType = sourcecode.c.h; path = ZZH_PH_Header.h; sourceTree = "<group>"; };
		36FD45F92090153D00567043 /* ZZH_PHRootViewController.m */ = {isa = PBXFileReference; fileEncoding = 4; lastKnownFileType = sourcecode.c.objc; path = ZZH_PHRootViewController.m; sourceTree = "<group>"; };
		36FD45FA2090153E00567043 /* SVProgressHUD.h */ = {isa = PBXFileReference; fileEncoding = 4; lastKnownFileType = sourcecode.c.h; path = SVProgressHUD.h; sourceTree = "<group>"; };
		36FD45FB2090153E00567043 /* selete@2x.png */ = {isa = PBXFileReference; lastKnownFileType = image.png; path = "selete@2x.png"; sourceTree = "<group>"; };
		36FD45FC2090153E00567043 /* ListTableViewDataSource.m */ = {isa = PBXFileReference; fileEncoding = 4; lastKnownFileType = sourcecode.c.objc; path = ListTableViewDataSource.m; sourceTree = "<group>"; };
		36FD45FD2090153E00567043 /* ZZH_PH_Protocol.h */ = {isa = PBXFileReference; fileEncoding = 4; lastKnownFileType = sourcecode.c.h; path = ZZH_PH_Protocol.h; sourceTree = "<group>"; };
		36FD45FE2090153E00567043 /* seleted@2x.png */ = {isa = PBXFileReference; lastKnownFileType = image.png; path = "seleted@2x.png"; sourceTree = "<group>"; };
		36FD45FF2090153E00567043 /* ZZH_PHShowPhotoController.m */ = {isa = PBXFileReference; fileEncoding = 4; lastKnownFileType = sourcecode.c.objc; path = ZZH_PHShowPhotoController.m; sourceTree = "<group>"; };
		36FD46002090153F00567043 /* ZZH_PHPhotoViewController.m */ = {isa = PBXFileReference; fileEncoding = 4; lastKnownFileType = sourcecode.c.objc; path = ZZH_PHPhotoViewController.m; sourceTree = "<group>"; };
		36FD46012090153F00567043 /* ZZH_PHPhotoViewController.h */ = {isa = PBXFileReference; fileEncoding = 4; lastKnownFileType = sourcecode.c.h; path = ZZH_PHPhotoViewController.h; sourceTree = "<group>"; };
		36FD46022090153F00567043 /* ZZH_PHShowPhotoController.h */ = {isa = PBXFileReference; fileEncoding = 4; lastKnownFileType = sourcecode.c.h; path = ZZH_PHShowPhotoController.h; sourceTree = "<group>"; };
		36FD46032090153F00567043 /* ZZH_PHColletionProtocol.h */ = {isa = PBXFileReference; fileEncoding = 4; lastKnownFileType = sourcecode.c.h; path = ZZH_PHColletionProtocol.h; sourceTree = "<group>"; };
		36FD46042090153F00567043 /* ZZH_PHColletionProtocol.m */ = {isa = PBXFileReference; fileEncoding = 4; lastKnownFileType = sourcecode.c.objc; path = ZZH_PHColletionProtocol.m; sourceTree = "<group>"; };
		36FD46052090154000567043 /* SVProgressHUD.bundle */ = {isa = PBXFileReference; lastKnownFileType = "wrapper.plug-in"; path = SVProgressHUD.bundle; sourceTree = "<group>"; };
		36FD46062090154000567043 /* ZZH_PHCellImageView.h */ = {isa = PBXFileReference; fileEncoding = 4; lastKnownFileType = sourcecode.c.h; path = ZZH_PHCellImageView.h; sourceTree = "<group>"; };
		36FD46072090154000567043 /* ZZH_PHListModel.h */ = {isa = PBXFileReference; fileEncoding = 4; lastKnownFileType = sourcecode.c.h; path = ZZH_PHListModel.h; sourceTree = "<group>"; };
		36FD46082090154100567043 /* ZZH_PHListCell.m */ = {isa = PBXFileReference; fileEncoding = 4; lastKnownFileType = sourcecode.c.objc; path = ZZH_PHListCell.m; sourceTree = "<group>"; };
		36FD46092090154100567043 /* ZZH_PHShowScrollview.h */ = {isa = PBXFileReference; fileEncoding = 4; lastKnownFileType = sourcecode.c.h; path = ZZH_PHShowScrollview.h; sourceTree = "<group>"; };
		36FD460A2090154100567043 /* ZZH_PH_GetAssetObject.h */ = {isa = PBXFileReference; fileEncoding = 4; lastKnownFileType = sourcecode.c.h; path = ZZH_PH_GetAssetObject.h; sourceTree = "<group>"; };
		36FD460B2090154200567043 /* SVProgressHUD.m */ = {isa = PBXFileReference; fileEncoding = 4; lastKnownFileType = sourcecode.c.objc; path = SVProgressHUD.m; sourceTree = "<group>"; };
		36FD460C2090154200567043 /* ZZH_PHListModel.m */ = {isa = PBXFileReference; fileEncoding = 4; lastKnownFileType = sourcecode.c.objc; path = ZZH_PHListModel.m; sourceTree = "<group>"; };
		36FD460D2090154200567043 /* ZZH_PHRootViewController.h */ = {isa = PBXFileReference; fileEncoding = 4; lastKnownFileType = sourcecode.c.h; path = ZZH_PHRootViewController.h; sourceTree = "<group>"; };
		36FD460E2090154300567043 /* ListTableViewDelegate.m */ = {isa = PBXFileReference; fileEncoding = 4; lastKnownFileType = sourcecode.c.objc; path = ListTableViewDelegate.m; sourceTree = "<group>"; };
		36FD460F2090154300567043 /* ListTableViewDataSource.h */ = {isa = PBXFileReference; fileEncoding = 4; lastKnownFileType = sourcecode.c.h; path = ListTableViewDataSource.h; sourceTree = "<group>"; };
/* End PBXFileReference section */

/* Begin PBXFrameworksBuildPhase section */
		36FD45B92090133B00567043 /* Frameworks */ = {
			isa = PBXFrameworksBuildPhase;
			buildActionMask = 2147483647;
			files = (
			);
			runOnlyForDeploymentPostprocessing = 0;
		};
		36FD45D12090133B00567043 /* Frameworks */ = {
			isa = PBXFrameworksBuildPhase;
			buildActionMask = 2147483647;
			files = (
			);
			runOnlyForDeploymentPostprocessing = 0;
		};
		36FD45DC2090133B00567043 /* Frameworks */ = {
			isa = PBXFrameworksBuildPhase;
			buildActionMask = 2147483647;
			files = (
			);
			runOnlyForDeploymentPostprocessing = 0;
		};
/* End PBXFrameworksBuildPhase section */

/* Begin PBXGroup section */
		36FD45B32090133B00567043 = {
			isa = PBXGroup;
			children = (
				36FD45BE2090133B00567043 /* photoTest */,
				36FD45D72090133B00567043 /* photoTestTests */,
				36FD45E22090133B00567043 /* photoTestUITests */,
				36FD45BD2090133B00567043 /* Products */,
			);
			sourceTree = "<group>";
		};
		36FD45BD2090133B00567043 /* Products */ = {
			isa = PBXGroup;
			children = (
				36FD45BC2090133B00567043 /* photoTest.app */,
				36FD45D42090133B00567043 /* photoTestTests.xctest */,
				36FD45DF2090133B00567043 /* photoTestUITests.xctest */,
			);
			name = Products;
			sourceTree = "<group>";
		};
		36FD45BE2090133B00567043 /* photoTest */ = {
			isa = PBXGroup;
			children = (
				36FD45BF2090133B00567043 /* AppDelegate.h */,
				36FD45C02090133B00567043 /* AppDelegate.m */,
				36FD45C22090133B00567043 /* ViewController.h */,
				36FD45C32090133B00567043 /* ViewController.m */,
				36FD45C52090133B00567043 /* Main.storyboard */,
				36FD45C82090133B00567043 /* Assets.xcassets */,
				36FD45CA2090133B00567043 /* LaunchScreen.storyboard */,
				36FD45CD2090133B00567043 /* Info.plist */,
				36FD45CE2090133B00567043 /* main.m */,
				36FD460F2090154300567043 /* ListTableViewDataSource.h */,
				36FD45FC2090153E00567043 /* ListTableViewDataSource.m */,
				36FD45F12090153D00567043 /* ListTableViewDelegate.h */,
				36FD460E2090154300567043 /* ListTableViewDelegate.m */,
				36FD45FB2090153E00567043 /* selete@2x.png */,
				36FD45FE2090153E00567043 /* seleted@2x.png */,
				36FD46052090154000567043 /* SVProgressHUD.bundle */,
				36FD45FA2090153E00567043 /* SVProgressHUD.h */,
				36FD460B2090154200567043 /* SVProgressHUD.m */,
				36FD460A2090154100567043 /* ZZH_PH_GetAssetObject.h */,
				36FD45F72090153D00567043 /* ZZH_PH_GetAssetObject.m */,
				36FD45F82090153D00567043 /* ZZH_PH_Header.h */,
				36FD45FD2090153E00567043 /* ZZH_PH_Protocol.h */,
				36FD46062090154000567043 /* ZZH_PHCellImageView.h */,
				36FD45F62090153D00567043 /* ZZH_PHCellImageView.m */,
				36FD46032090153F00567043 /* ZZH_PHColletionProtocol.h */,
				36FD46042090153F00567043 /* ZZH_PHColletionProtocol.m */,
				36FD45F32090153D00567043 /* ZZH_PHListCell.h */,
				36FD46082090154100567043 /* ZZH_PHListCell.m */,
				36FD46072090154000567043 /* ZZH_PHListModel.h */,
				36FD460C2090154200567043 /* ZZH_PHListModel.m */,
				36FD46012090153F00567043 /* ZZH_PHPhotoViewController.h */,
				36FD46002090153F00567043 /* ZZH_PHPhotoViewController.m */,
				36FD460D2090154200567043 /* ZZH_PHRootViewController.h */,
				36FD45F92090153D00567043 /* ZZH_PHRootViewController.m */,
				36FD45F22090153D00567043 /* ZZH_PHShowListController.h */,
				36FD45F42090153D00567043 /* ZZH_PHShowListController.m */,
				36FD46022090153F00567043 /* ZZH_PHShowPhotoController.h */,
				36FD45FF2090153E00567043 /* ZZH_PHShowPhotoController.m */,
				36FD46092090154100567043 /* ZZH_PHShowScrollview.h */,
				36FD45F52090153D00567043 /* ZZH_PHShowScrollview.m */,
			);
			path = photoTest;
			sourceTree = "<group>";
		};
		36FD45D72090133B00567043 /* photoTestTests */ = {
			isa = PBXGroup;
			children = (
				36FD45D82090133B00567043 /* photoTestTests.m */,
				36FD45DA2090133B00567043 /* Info.plist */,
			);
			path = photoTestTests;
			sourceTree = "<group>";
		};
		36FD45E22090133B00567043 /* photoTestUITests */ = {
			isa = PBXGroup;
			children = (
				36FD45E32090133B00567043 /* photoTestUITests.m */,
				36FD45E52090133B00567043 /* Info.plist */,
			);
			path = photoTestUITests;
			sourceTree = "<group>";
		};
/* End PBXGroup section */

/* Begin PBXNativeTarget section */
		36FD45BB2090133B00567043 /* photoTest */ = {
			isa = PBXNativeTarget;
			buildConfigurationList = 36FD45E82090133B00567043 /* Build configuration list for PBXNativeTarget "photoTest" */;
			buildPhases = (
				36FD45B82090133B00567043 /* Sources */,
				36FD45B92090133B00567043 /* Frameworks */,
				36FD45BA2090133B00567043 /* Resources */,
			);
			buildRules = (
			);
			dependencies = (
			);
			name = photoTest;
			productName = photoTest;
			productReference = 36FD45BC2090133B00567043 /* photoTest.app */;
			productType = "com.apple.product-type.application";
		};
		36FD45D32090133B00567043 /* photoTestTests */ = {
			isa = PBXNativeTarget;
			buildConfigurationList = 36FD45EB2090133B00567043 /* Build configuration list for PBXNativeTarget "photoTestTests" */;
			buildPhases = (
				36FD45D02090133B00567043 /* Sources */,
				36FD45D12090133B00567043 /* Frameworks */,
				36FD45D22090133B00567043 /* Resources */,
			);
			buildRules = (
			);
			dependencies = (
				36FD45D62090133B00567043 /* PBXTargetDependency */,
			);
			name = photoTestTests;
			productName = photoTestTests;
			productReference = 36FD45D42090133B00567043 /* photoTestTests.xctest */;
			productType = "com.apple.product-type.bundle.unit-test";
		};
		36FD45DE2090133B00567043 /* photoTestUITests */ = {
			isa = PBXNativeTarget;
			buildConfigurationList = 36FD45EE2090133B00567043 /* Build configuration list for PBXNativeTarget "photoTestUITests" */;
			buildPhases = (
				36FD45DB2090133B00567043 /* Sources */,
				36FD45DC2090133B00567043 /* Frameworks */,
				36FD45DD2090133B00567043 /* Resources */,
			);
			buildRules = (
			);
			dependencies = (
				36FD45E12090133B00567043 /* PBXTargetDependency */,
			);
			name = photoTestUITests;
			productName = photoTestUITests;
			productReference = 36FD45DF2090133B00567043 /* photoTestUITests.xctest */;
			productType = "com.apple.product-type.bundle.ui-testing";
		};
/* End PBXNativeTarget section */

/* Begin PBXProject section */
		36FD45B42090133B00567043 /* Project object */ = {
			isa = PBXProject;
			attributes = {
				LastUpgradeCheck = 0920;
				ORGANIZATIONNAME = "Star J";
				TargetAttributes = {
					36FD45BB2090133B00567043 = {
						CreatedOnToolsVersion = 9.2;
						ProvisioningStyle = Automatic;
					};
					36FD45D32090133B00567043 = {
						CreatedOnToolsVersion = 9.2;
						ProvisioningStyle = Automatic;
						TestTargetID = 36FD45BB2090133B00567043;
					};
					36FD45DE2090133B00567043 = {
						CreatedOnToolsVersion = 9.2;
						ProvisioningStyle = Automatic;
						TestTargetID = 36FD45BB2090133B00567043;
					};
				};
			};
			buildConfigurationList = 36FD45B72090133B00567043 /* Build configuration list for PBXProject "photoTest" */;
			compatibilityVersion = "Xcode 8.0";
			developmentRegion = en;
			hasScannedForEncodings = 0;
			knownRegions = (
				en,
				Base,
			);
			mainGroup = 36FD45B32090133B00567043;
			productRefGroup = 36FD45BD2090133B00567043 /* Products */;
			projectDirPath = "";
			projectRoot = "";
			targets = (
				36FD45BB2090133B00567043 /* photoTest */,
				36FD45D32090133B00567043 /* photoTestTests */,
				36FD45DE2090133B00567043 /* photoTestUITests */,
			);
		};
/* End PBXProject section */

/* Begin PBXResourcesBuildPhase section */
		36FD45BA2090133B00567043 /* Resources */ = {
			isa = PBXResourcesBuildPhase;
			buildActionMask = 2147483647;
			files = (
				36FD46152090154400567043 /* selete@2x.png in Resources */,
				36FD461B2090154400567043 /* SVProgressHUD.bundle in Resources */,
				36FD46172090154400567043 /* seleted@2x.png in Resources */,
				36FD45CC2090133B00567043 /* LaunchScreen.storyboard in Resources */,
				36FD45C92090133B00567043 /* Assets.xcassets in Resources */,
				36FD45C72090133B00567043 /* Main.storyboard in Resources */,
			);
			runOnlyForDeploymentPostprocessing = 0;
		};
		36FD45D22090133B00567043 /* Resources */ = {
			isa = PBXResourcesBuildPhase;
			buildActionMask = 2147483647;
			files = (
			);
			runOnlyForDeploymentPostprocessing = 0;
		};
		36FD45DD2090133B00567043 /* Resources */ = {
			isa = PBXResourcesBuildPhase;
			buildActionMask = 2147483647;
			files = (
			);
			runOnlyForDeploymentPostprocessing = 0;
		};
/* End PBXResourcesBuildPhase section */

/* Begin PBXSourcesBuildPhase section */
		36FD45B82090133B00567043 /* Sources */ = {
			isa = PBXSourcesBuildPhase;
			buildActionMask = 2147483647;
			files = (
				36FD46162090154400567043 /* ListTableViewDataSource.m in Sources */,
				36FD45C42090133B00567043 /* ViewController.m in Sources */,
				36FD46182090154400567043 /* ZZH_PHShowPhotoController.m in Sources */,
				36FD461D2090154400567043 /* SVProgressHUD.m in Sources */,
				36FD46102090154400567043 /* ZZH_PHShowListController.m in Sources */,
				36FD461E2090154400567043 /* ZZH_PHListModel.m in Sources */,
				36FD461C2090154400567043 /* ZZH_PHListCell.m in Sources */,
				36FD45CF2090133B00567043 /* main.m in Sources */,
				36FD46142090154400567043 /* ZZH_PHRootViewController.m in Sources */,
				36FD461A2090154400567043 /* ZZH_PHColletionProtocol.m in Sources */,
				36FD46122090154400567043 /* ZZH_PHCellImageView.m in Sources */,
				36FD46192090154400567043 /* ZZH_PHPhotoViewController.m in Sources */,
				36FD461F2090154400567043 /* ListTableViewDelegate.m in Sources */,
				36FD45C12090133B00567043 /* AppDelegate.m in Sources */,
				36FD46112090154400567043 /* ZZH_PHShowScrollview.m in Sources */,
				36FD46132090154400567043 /* ZZH_PH_GetAssetObject.m in Sources */,
			);
			runOnlyForDeploymentPostprocessing = 0;
		};
		36FD45D02090133B00567043 /* Sources */ = {
			isa = PBXSourcesBuildPhase;
			buildActionMask = 2147483647;
			files = (
				36FD45D92090133B00567043 /* photoTestTests.m in Sources */,
			);
			runOnlyForDeploymentPostprocessing = 0;
		};
		36FD45DB2090133B00567043 /* Sources */ = {
			isa = PBXSourcesBuildPhase;
			buildActionMask = 2147483647;
			files = (
				36FD45E42090133B00567043 /* photoTestUITests.m in Sources */,
			);
			runOnlyForDeploymentPostprocessing = 0;
		};
/* End PBXSourcesBuildPhase section */

/* Begin PBXTargetDependency section */
		36FD45D62090133B00567043 /* PBXTargetDependency */ = {
			isa = PBXTargetDependency;
			target = 36FD45BB2090133B00567043 /* photoTest */;
			targetProxy = 36FD45D52090133B00567043 /* PBXContainerItemProxy */;
		};
		36FD45E12090133B00567043 /* PBXTargetDependency */ = {
			isa = PBXTargetDependency;
			target = 36FD45BB2090133B00567043 /* photoTest */;
			targetProxy = 36FD45E02090133B00567043 /* PBXContainerItemProxy */;
		};
/* End PBXTargetDependency section */

/* Begin PBXVariantGroup section */
		36FD45C52090133B00567043 /* Main.storyboard */ = {
			isa = PBXVariantGroup;
			children = (
				36FD45C62090133B00567043 /* Base */,
			);
			name = Main.storyboard;
			sourceTree = "<group>";
		};
		36FD45CA2090133B00567043 /* LaunchScreen.storyboard */ = {
			isa = PBXVariantGroup;
			children = (
				36FD45CB2090133B00567043 /* Base */,
			);
			name = LaunchScreen.storyboard;
			sourceTree = "<group>";
		};
/* End PBXVariantGroup section */

/* Begin XCBuildConfiguration section */
		36FD45E62090133B00567043 /* Debug */ = {
			isa = XCBuildConfiguration;
			buildSettings = {
				ALWAYS_SEARCH_USER_PATHS = NO;
				CLANG_ANALYZER_NONNULL = YES;
				CLANG_ANALYZER_NUMBER_OBJECT_CONVERSION = YES_AGGRESSIVE;
				CLANG_CXX_LANGUAGE_STANDARD = "gnu++14";
				CLANG_CXX_LIBRARY = "libc++";
				CLANG_ENABLE_MODULES = YES;
				CLANG_ENABLE_OBJC_ARC = YES;
				CLANG_WARN_BLOCK_CAPTURE_AUTORELEASING = YES;
				CLANG_WARN_BOOL_CONVERSION = YES;
				CLANG_WARN_COMMA = YES;
				CLANG_WARN_CONSTANT_CONVERSION = YES;
				CLANG_WARN_DIRECT_OBJC_ISA_USAGE = YES_ERROR;
				CLANG_WARN_DOCUMENTATION_COMMENTS = YES;
				CLANG_WARN_EMPTY_BODY = YES;
				CLANG_WARN_ENUM_CONVERSION = YES;
				CLANG_WARN_INFINITE_RECURSION = YES;
				CLANG_WARN_INT_CONVERSION = YES;
				CLANG_WARN_NON_LITERAL_NULL_CONVERSION = YES;
				CLANG_WARN_OBJC_LITERAL_CONVERSION = YES;
				CLANG_WARN_OBJC_ROOT_CLASS = YES_ERROR;
				CLANG_WARN_RANGE_LOOP_ANALYSIS = YES;
				CLANG_WARN_STRICT_PROTOTYPES = YES;
				CLANG_WARN_SUSPICIOUS_MOVE = YES;
				CLANG_WARN_UNGUARDED_AVAILABILITY = YES_AGGRESSIVE;
				CLANG_WARN_UNREACHABLE_CODE = YES;
				CLANG_WARN__DUPLICATE_METHOD_MATCH = YES;
				CODE_SIGN_IDENTITY = "iPhone Developer";
				COPY_PHASE_STRIP = NO;
				DEBUG_INFORMATION_FORMAT = dwarf;
				ENABLE_STRICT_OBJC_MSGSEND = YES;
				ENABLE_TESTABILITY = YES;
				GCC_C_LANGUAGE_STANDARD = gnu11;
				GCC_DYNAMIC_NO_PIC = NO;
				GCC_NO_COMMON_BLOCKS = YES;
				GCC_OPTIMIZATION_LEVEL = 0;
				GCC_PREPROCESSOR_DEFINITIONS = (
					"DEBUG=1",
					"$(inherited)",
				);
				GCC_WARN_64_TO_32_BIT_CONVERSION = YES;
				GCC_WARN_ABOUT_RETURN_TYPE = YES_ERROR;
				GCC_WARN_UNDECLARED_SELECTOR = YES;
				GCC_WARN_UNINITIALIZED_AUTOS = YES_AGGRESSIVE;
				GCC_WARN_UNUSED_FUNCTION = YES;
				GCC_WARN_UNUSED_VARIABLE = YES;
				IPHONEOS_DEPLOYMENT_TARGET = 11.2;
				MTL_ENABLE_DEBUG_INFO = YES;
				ONLY_ACTIVE_ARCH = YES;
				SDKROOT = iphoneos;
			};
			name = Debug;
		};
		36FD45E72090133B00567043 /* Release */ = {
			isa = XCBuildConfiguration;
			buildSettings = {
				ALWAYS_SEARCH_USER_PATHS = NO;
				CLANG_ANALYZER_NONNULL = YES;
				CLANG_ANALYZER_NUMBER_OBJECT_CONVERSION = YES_AGGRESSIVE;
				CLANG_CXX_LANGUAGE_STANDARD = "gnu++14";
				CLANG_CXX_LIBRARY = "libc++";
				CLANG_ENABLE_MODULES = YES;
				CLANG_ENABLE_OBJC_ARC = YES;
				CLANG_WARN_BLOCK_CAPTURE_AUTORELEASING = YES;
				CLANG_WARN_BOOL_CONVERSION = YES;
				CLANG_WARN_COMMA = YES;
				CLANG_WARN_CONSTANT_CONVERSION = YES;
				CLANG_WARN_DIRECT_OBJC_ISA_USAGE = YES_ERROR;
				CLANG_WARN_DOCUMENTATION_COMMENTS = YES;
				CLANG_WARN_EMPTY_BODY = YES;
				CLANG_WARN_ENUM_CONVERSION = YES;
				CLANG_WARN_INFINITE_RECURSION = YES;
				CLANG_WARN_INT_CONVERSION = YES;
				CLANG_WARN_NON_LITERAL_NULL_CONVERSION = YES;
				CLANG_WARN_OBJC_LITERAL_CONVERSION = YES;
				CLANG_WARN_OBJC_ROOT_CLASS = YES_ERROR;
				CLANG_WARN_RANGE_LOOP_ANALYSIS = YES;
				CLANG_WARN_STRICT_PROTOTYPES = YES;
				CLANG_WARN_SUSPICIOUS_MOVE = YES;
				CLANG_WARN_UNGUARDED_AVAILABILITY = YES_AGGRESSIVE;
				CLANG_WARN_UNREACHABLE_CODE = YES;
				CLANG_WARN__DUPLICATE_METHOD_MATCH = YES;
				CODE_SIGN_IDENTITY = "iPhone Developer";
				COPY_PHASE_STRIP = NO;
				DEBUG_INFORMATION_FORMAT = "dwarf-with-dsym";
				ENABLE_NS_ASSERTIONS = NO;
				ENABLE_STRICT_OBJC_MSGSEND = YES;
				GCC_C_LANGUAGE_STANDARD = gnu11;
				GCC_NO_COMMON_BLOCKS = YES;
				GCC_WARN_64_TO_32_BIT_CONVERSION = YES;
				GCC_WARN_ABOUT_RETURN_TYPE = YES_ERROR;
				GCC_WARN_UNDECLARED_SELECTOR = YES;
				GCC_WARN_UNINITIALIZED_AUTOS = YES_AGGRESSIVE;
				GCC_WARN_UNUSED_FUNCTION = YES;
				GCC_WARN_UNUSED_VARIABLE = YES;
				IPHONEOS_DEPLOYMENT_TARGET = 11.2;
				MTL_ENABLE_DEBUG_INFO = NO;
				SDKROOT = iphoneos;
				VALIDATE_PRODUCT = YES;
			};
			name = Release;
		};
		36FD45E92090133B00567043 /* Debug */ = {
			isa = XCBuildConfiguration;
			buildSettings = {
				ASSETCATALOG_COMPILER_APPICON_NAME = AppIcon;
				CODE_SIGN_STYLE = Automatic;
				DEVELOPMENT_TEAM = 5YR3RP559Y;
				INFOPLIST_FILE = photoTest/Info.plist;
				IPHONEOS_DEPLOYMENT_TARGET = 10.2;
				LD_RUNPATH_SEARCH_PATHS = "$(inherited) @executable_path/Frameworks";
				PRODUCT_BUNDLE_IDENTIFIER = zhihua.zhang.photoTest;
				PRODUCT_NAME = "$(TARGET_NAME)";
				TARGETED_DEVICE_FAMILY = "1,2";
			};
			name = Debug;
		};
		36FD45EA2090133B00567043 /* Release */ = {
			isa = XCBuildConfiguration;
			buildSettings = {
				ASSETCATALOG_COMPILER_APPICON_NAME = AppIcon;
				CODE_SIGN_STYLE = Automatic;
				DEVELOPMENT_TEAM = 5YR3RP559Y;
				INFOPLIST_FILE = photoTest/Info.plist;
				IPHONEOS_DEPLOYMENT_TARGET = 10.2;
				LD_RUNPATH_SEARCH_PATHS = "$(inherited) @executable_path/Frameworks";
				PRODUCT_BUNDLE_IDENTIFIER = zhihua.zhang.photoTest;
				PRODUCT_NAME = "$(TARGET_NAME)";
				TARGETED_DEVICE_FAMILY = "1,2";
			};
			name = Release;
		};
		36FD45EC2090133B00567043 /* Debug */ = {
			isa = XCBuildConfiguration;
			buildSettings = {
				BUNDLE_LOADER = "$(TEST_HOST)";
				CODE_SIGN_STYLE = Automatic;
				DEVELOPMENT_TEAM = 5YR3RP559Y;
				INFOPLIST_FILE = photoTestTests/Info.plist;
				LD_RUNPATH_SEARCH_PATHS = "$(inherited) @executable_path/Frameworks @loader_path/Frameworks";
				PRODUCT_BUNDLE_IDENTIFIER = zhihua.zhang.photoTestTests;
				PRODUCT_NAME = "$(TARGET_NAME)";
				TARGETED_DEVICE_FAMILY = "1,2";
				TEST_HOST = "$(BUILT_PRODUCTS_DIR)/photoTest.app/photoTest";
			};
			name = Debug;
		};
		36FD45ED2090133B00567043 /* Release */ = {
			isa = XCBuildConfiguration;
			buildSettings = {
				BUNDLE_LOADER = "$(TEST_HOST)";
				CODE_SIGN_STYLE = Automatic;
				DEVELOPMENT_TEAM = 5YR3RP559Y;
				INFOPLIST_FILE = photoTestTests/Info.plist;
				LD_RUNPATH_SEARCH_PATHS = "$(inherited) @executable_path/Frameworks @loader_path/Frameworks";
				PRODUCT_BUNDLE_IDENTIFIER = zhihua.zhang.photoTestTests;
				PRODUCT_NAME = "$(TARGET_NAME)";
				TARGETED_DEVICE_FAMILY = "1,2";
				TEST_HOST = "$(BUILT_PRODUCTS_DIR)/photoTest.app/photoTest";
			};
			name = Release;
		};
		36FD45EF2090133B00567043 /* Debug */ = {
			isa = XCBuildConfiguration;
			buildSettings = {
				CODE_SIGN_STYLE = Automatic;
				DEVELOPMENT_TEAM = 5YR3RP559Y;
				INFOPLIST_FILE = photoTestUITests/Info.plist;
				LD_RUNPATH_SEARCH_PATHS = "$(inherited) @executable_path/Frameworks @loader_path/Frameworks";
				PRODUCT_BUNDLE_IDENTIFIER = zhihua.zhang.photoTestUITests;
				PRODUCT_NAME = "$(TARGET_NAME)";
				TARGETED_DEVICE_FAMILY = "1,2";
				TEST_TARGET_NAME = photoTest;
			};
			name = Debug;
		};
		36FD45F02090133B00567043 /* Release */ = {
			isa = XCBuildConfiguration;
			buildSettings = {
				CODE_SIGN_STYLE = Automatic;
				DEVELOPMENT_TEAM = 5YR3RP559Y;
				INFOPLIST_FILE = photoTestUITests/Info.plist;
				LD_RUNPATH_SEARCH_PATHS = "$(inherited) @executable_path/Frameworks @loader_path/Frameworks";
				PRODUCT_BUNDLE_IDENTIFIER = zhihua.zhang.photoTestUITests;
				PRODUCT_NAME = "$(TARGET_NAME)";
				TARGETED_DEVICE_FAMILY = "1,2";
				TEST_TARGET_NAME = photoTest;
			};
			name = Release;
		};
/* End XCBuildConfiguration section */

/* Begin XCConfigurationList section */
		36FD45B72090133B00567043 /* Build configuration list for PBXProject "photoTest" */ = {
			isa = XCConfigurationList;
			buildConfigurations = (
				36FD45E62090133B00567043 /* Debug */,
				36FD45E72090133B00567043 /* Release */,
			);
			defaultConfigurationIsVisible = 0;
			defaultConfigurationName = Release;
		};
		36FD45E82090133B00567043 /* Build configuration list for PBXNativeTarget "photoTest" */ = {
			isa = XCConfigurationList;
			buildConfigurations = (
				36FD45E92090133B00567043 /* Debug */,
				36FD45EA2090133B00567043 /* Release */,
			);
			defaultConfigurationIsVisible = 0;
			defaultConfigurationName = Release;
		};
		36FD45EB2090133B00567043 /* Build configuration list for PBXNativeTarget "photoTestTests" */ = {
			isa = XCConfigurationList;
			buildConfigurations = (
				36FD45EC2090133B00567043 /* Debug */,
				36FD45ED2090133B00567043 /* Release */,
			);
			defaultConfigurationIsVisible = 0;
			defaultConfigurationName = Release;
		};
		36FD45EE2090133B00567043 /* Build configuration list for PBXNativeTarget "photoTestUITests" */ = {
			isa = XCConfigurationList;
			buildConfigurations = (
				36FD45EF2090133B00567043 /* Debug */,
				36FD45F02090133B00567043 /* Release */,
			);
			defaultConfigurationIsVisible = 0;
			defaultConfigurationName = Release;
		};
/* End XCConfigurationList section */
	};
	rootObject = 36FD45B42090133B00567043 /* Project object */;
}
